
Microsoft Visual Studio Solution File, Format Version 12.00
# Visual Studio 15
VisualStudioVersion = 15.0.28307.136
MinimumVisualStudioVersion = 10.0.40219.1
Project("{9A19103F-16F7-4668-BE54-9A1E7A4F7556}") = "AssetManager", "AssetManager\AssetManager.csproj", "{F3AAAB4A-383E-48CD-BFB7-53F838E13A07}"
EndProject
Global
	GlobalSection(SolutionConfigurationPlatforms) = preSolution
		Debug|Any CPU = Debug|Any CPU
		Release|Any CPU = Release|Any CPU
	EndGlobalSection
	GlobalSection(ProjectConfigurationPlatforms) = postSolution
		{F3AAAB4A-383E-48CD-BFB7-53F838E13A07}.Debug|Any CPU.ActiveCfg = Debug|Any CPU
		{F3AAAB4A-383E-48CD-BFB7-53F838E13A07}.Debug|Any CPU.Build.0 = Debug|Any CPU
		{F3AAAB4A-383E-48CD-BFB7-53F838E13A07}.Release|Any CPU.ActiveCfg = Release|Any CPU
		{F3AAAB4A-383E-48CD-BFB7-53F838E13A07}.Release|Any CPU.Build.0 = Release|Any CPU
	EndGlobalSection
	GlobalSection(SolutionProperties) = preSolution
		HideSolutionNode = FALSE
	EndGlobalSection
	GlobalSection(ExtensibilityGlobals) = postSolution
		SolutionGuid = {3B3A55FF-690C-48AC-99F6-87B432F3CF5A}
	EndGlobalSection
EndGlobal
